
Microsoft Visual Studio Solution File, Format Version 12.00
# Visual Studio Version 16
VisualStudioVersion = 16.0.30709.132
MinimumVisualStudioVersion = 10.0.40219.1
Project("{FAE04EC0-301F-11D3-BF4B-00C04F79EFBC}") = "GifMp4", "GifMp4\GifMp4.csproj", "{DC77AD1A-1A82-4F6D-9877-6DB23A88C084}"
EndProject
Global
	GlobalSection(SolutionConfigurationPlatforms) = preSolution
		Debug|Any CPU = Debug|Any CPU
		Release|Any CPU = Release|Any CPU
	EndGlobalSection
	GlobalSection(ProjectConfigurationPlatforms) = postSolution
		{DC77AD1A-1A82-4F6D-9877-6DB23A88C084}.Debug|Any CPU.ActiveCfg = Debug|Any CPU
		{DC77AD1A-1A82-4F6D-9877-6DB23A88C084}.Debug|Any CPU.Build.0 = Debug|Any CPU
		{DC77AD1A-1A82-4F6D-9877-6DB23A88C084}.Release|Any CPU.ActiveCfg = Release|Any CPU
		{DC77AD1A-1A82-4F6D-9877-6DB23A88C084}.Release|Any CPU.Build.0 = Release|Any CPU
	EndGlobalSection
	GlobalSection(SolutionProperties) = preSolution
		HideSolutionNode = FALSE
	EndGlobalSection
	GlobalSection(ExtensibilityGlobals) = postSolution
		SolutionGuid = {BE93245E-6CC0-4215-A8D0-194AB8BC2E2D}
	EndGlobalSection
EndGlobal
